{
  "name": "proyecto1",
  "version": "1.0.0",
  "lockfileVersion": 1,
  "requires": true,
  "dependencies": {
    "@alordash/damerau-levenshtein": {
      "version": "1.0.8",
      "resolved": "https://registry.npmjs.org/@alordash/damerau-levenshtein/-/damerau-levenshtein-1.0.8.tgz",
      "integrity": "sha512-l6JRZhbKKmi/PVBeNrCTmFMfYwkdU25D6K+4E/uSCVUHNgfQnOZW+Uzk81UXMVgAjbHbXxoWW6e2VSC3SaLQ1w=="
    },
    "@alordash/parse-word-to-number": {
      "version": "3.0.4",
      "resolved": "https://registry.npmjs.org/@alordash/parse-word-to-number/-/parse-word-to-number-3.0.4.tgz",
      "integrity": "sha512-TOBdpI9UvoyxoyXZSvgB2S8nzagXiIBjL6tKwdUk1DiriNzLV7pkXqQttHc6AoNdEmaBe7ZHxkjhUgOQVnLFYg==",
      "requires": {
        "@alordash/damerau-levenshtein": "^1.0.7"
      }
    },
    "card-validator": {
      "version": "8.1.1",
      "resolved": "https://registry.npmjs.org/card-validator/-/card-validator-8.1.1.tgz",
      "integrity": "sha512-cN4FsKwoTfTFnqPwVc7TQLSsH/QMDB3n/gWm0XelcApz4sKipnOQ6k33sa3bWsNnnIpgs7eXOF+mUV2UQAX2Sw==",
      "requires": {
        "credit-card-type": "^9.1.0"
      }
    },
    "credit-card-type": {
      "version": "9.1.0",
      "resolved": "https://registry.npmjs.org/credit-card-type/-/credit-card-type-9.1.0.tgz",
      "integrity": "sha512-CpNFuLxiPFxuZqhSKml3M+t0K/484pMAnfYWH14JoD7OZMnmC0Lmo+P7JX9SobqFpRoo7ifA18kOHdxJywYPEA=="
    },
    "readline-sync": {
      "version": "1.4.10",
      "resolved": "https://registry.npmjs.org/readline-sync/-/readline-sync-1.4.10.tgz",
      "integrity": "sha512-gNva8/6UAe8QYepIQH/jQ2qn91Qj0B9sYjMBBs3QOB8F2CXcKgLxQaJRP76sWVRQt+QU+8fAkCbCvjjMFu7Ycw=="
    }
  }
}
